
Microsoft Visual Studio Solution File, Format Version 12.00
# Visual Studio 15
VisualStudioVersion = 15.0.27130.2026
MinimumVisualStudioVersion = 10.0.40219.1
Project("{FAE04EC0-301F-11D3-BF4B-00C04F79EFBC}") = "Solucion.Negocio", "Solucion.Negocio\Solucion.Negocio.csproj", "{4CDE2D8D-49B3-40A5-B372-C547508BE7FE}"
EndProject
Project("{FAE04EC0-301F-11D3-BF4B-00C04F79EFBC}") = "Solucion.Vista", "Solucion.Vista\Solucion.Vista.csproj", "{7CFD3500-1BFD-4A73-9C3E-D0F87592DF3A}"
EndProject
Global
	GlobalSection(SolutionConfigurationPlatforms) = preSolution
		Debug|Any CPU = Debug|Any CPU
		Release|Any CPU = Release|Any CPU
	EndGlobalSection
	GlobalSection(ProjectConfigurationPlatforms) = postSolution
		{4CDE2D8D-49B3-40A5-B372-C547508BE7FE}.Debug|Any CPU.ActiveCfg = Debug|Any CPU
		{4CDE2D8D-49B3-40A5-B372-C547508BE7FE}.Debug|Any CPU.Build.0 = Debug|Any CPU
		{4CDE2D8D-49B3-40A5-B372-C547508BE7FE}.Release|Any CPU.ActiveCfg = Release|Any CPU
		{4CDE2D8D-49B3-40A5-B372-C547508BE7FE}.Release|Any CPU.Build.0 = Release|Any CPU
		{7CFD3500-1BFD-4A73-9C3E-D0F87592DF3A}.Debug|Any CPU.ActiveCfg = Debug|Any CPU
		{7CFD3500-1BFD-4A73-9C3E-D0F87592DF3A}.Debug|Any CPU.Build.0 = Debug|Any CPU
		{7CFD3500-1BFD-4A73-9C3E-D0F87592DF3A}.Release|Any CPU.ActiveCfg = Release|Any CPU
		{7CFD3500-1BFD-4A73-9C3E-D0F87592DF3A}.Release|Any CPU.Build.0 = Release|Any CPU
	EndGlobalSection
	GlobalSection(SolutionProperties) = preSolution
		HideSolutionNode = FALSE
	EndGlobalSection
	GlobalSection(ExtensibilityGlobals) = postSolution
		SolutionGuid = {7ECBF175-0B53-474A-8ABD-B12093157928}
	EndGlobalSection
EndGlobal
